<?xml version="1.0" encoding="utf-8"?>
<Project ToolsVersion="4.0" xmlns="http://schemas.microsoft.com/developer/msbuild/2003">
  <ItemGroup>
    <Filter Include="Source Files">
      <UniqueIdentifier>{4FC737F1-C7A5-4376-A066-2A32D752A2FF}</UniqueIdentifier>
      <Extensions>cpp;c;cc;cxx;def;odl;idl;hpj;bat;asm;asmx</Extensions>
    </Filter>
    <Filter Include="Resource Files">
      <UniqueIdentifier>{67DA6AB6-F800-4c08-8B7A-83BB121AAD01}</UniqueIdentifier>
      <Extensions>rc;ico;cur;bmp;dlg;rc2;rct;bin;rgs;gif;jpg;jpeg;jpe;resx;tiff;tif;png;wav;mfcribbon-ms</Extensions>
    </Filter>
    <Filter Include="Engine">
      <UniqueIdentifier>{92b7fb5c-53d1-45ff-af0e-3e47d5421f89}</UniqueIdentifier>
    </Filter>
    <Filter Include="Engine\Shaders">
      <UniqueIdentifier>{f26be303-2f7c-4d54-91ce-7005cee1ee15}</UniqueIdentifier>
    </Filter>
    <Filter Include="Engine\RenderTasks">
      <UniqueIdentifier>{a5e3d336-3a5d-4d14-b602-f4d8412b751d}</UniqueIdentifier>
    </Filter>
    <Filter Include="Objects">
      <UniqueIdentifier>{4952c56a-9998-41d8-a97e-354c192c83e9}</UniqueIdentifier>
    </Filter>
    <Filter Include="Engine\Threads">
      <UniqueIdentifier>{287876e3-3183-4335-abb8-5c2455dcecdb}</UniqueIdentifier>
    </Filter>
  </ItemGroup>
  <ItemGroup>
    <ClCompile Include="src\main.cpp">
      <Filter>Source Files</Filter>
    </ClCompile>
    <ClCompile Include="src\Window.cpp">
      <Filter>Source Files</Filter>
    </ClCompile>
    <ClCompile Include="src\Engine\Camera.cpp">
      <Filter>Source Files</Filter>
    </ClCompile>
    <ClCompile Include="src\Engine\RenderTask.cpp">
      <Filter>Engine\RenderTasks</Filter>
    </ClCompile>
    <ClCompile Include="src\Engine\RenderTaskTest.cpp">
      <Filter>Engine\RenderTasks</Filter>
    </ClCompile>
    <ClCompile Include="src\Engine\Cube.cpp">
      <Filter>Objects</Filter>
    </ClCompile>
    <ClCompile Include="src\Engine\Mesh.cpp">
      <Filter>Objects</Filter>
    </ClCompile>
    <ClCompile Include="src\Engine\Object.cpp">
      <Filter>Objects</Filter>
    </ClCompile>
    <ClCompile Include="src\Engine\ConstantBuffer.cpp">
      <Filter>Engine</Filter>
    </ClCompile>
    <ClCompile Include="src\Engine\DepthBuffer.cpp">
      <Filter>Engine</Filter>
    </ClCompile>
    <ClCompile Include="src\Engine\DescriptorHeap.cpp">
      <Filter>Engine</Filter>
    </ClCompile>
    <ClCompile Include="src\Engine\PipelineState.cpp">
      <Filter>Engine</Filter>
    </ClCompile>
    <ClCompile Include="src\Engine\Renderer.cpp">
      <Filter>Engine</Filter>
    </ClCompile>
    <ClCompile Include="src\Engine\RenderTarget.cpp">
      <Filter>Engine</Filter>
    </ClCompile>
    <ClCompile Include="src\Engine\Resource.cpp">
      <Filter>Engine</Filter>
    </ClCompile>
    <ClCompile Include="src\Engine\RootSignature.cpp">
      <Filter>Engine</Filter>
    </ClCompile>
    <ClCompile Include="src\Engine\Shader.cpp">
      <Filter>Engine</Filter>
    </ClCompile>
    <ClCompile Include="src\Engine\SwapChain.cpp">
      <Filter>Engine</Filter>
    </ClCompile>
    <ClCompile Include="src\Engine\Transform.cpp">
      <Filter>Engine</Filter>
    </ClCompile>
    <ClCompile Include="src\AssetLoader.cpp">
      <Filter>Engine</Filter>
    </ClCompile>
    <ClCompile Include="src\Engine\RenderTaskBlend.cpp">
      <Filter>Engine\RenderTasks</Filter>
    </ClCompile>
    <ClCompile Include="src\Engine\D3D12Timer.cpp">
      <Filter>Engine</Filter>
    </ClCompile>
    <ClCompile Include="src\Engine\Thread.cpp">
      <Filter>Engine\Threads</Filter>
    </ClCompile>
    <ClCompile Include="src\Engine\ThreadPool.cpp">
      <Filter>Engine\Threads</Filter>
    </ClCompile>
    <ClCompile Include="src\Engine\Task.cpp">
      <Filter>Engine\RenderTasks</Filter>
    </ClCompile>
  </ItemGroup>
  <ItemGroup>
    <ClInclude Include="src\Window.h">
      <Filter>Source Files</Filter>
    </ClInclude>
    <ClInclude Include="src\Engine\RenderTask.h">
      <Filter>Engine\RenderTasks</Filter>
    </ClInclude>
    <ClInclude Include="src\Engine\RenderTaskTest.h">
      <Filter>Engine\RenderTasks</Filter>
    </ClInclude>
    <ClInclude Include="src\Engine\Cube.h">
      <Filter>Objects</Filter>
    </ClInclude>
    <ClInclude Include="src\Engine\Mesh.h">
      <Filter>Objects</Filter>
    </ClInclude>
    <ClInclude Include="src\Engine\Object.h">
      <Filter>Objects</Filter>
    </ClInclude>
    <ClInclude Include="src\Engine\ConstantBuffer.h">
      <Filter>Engine</Filter>
    </ClInclude>
    <ClInclude Include="src\Engine\d3dx12.h">
      <Filter>Engine</Filter>
    </ClInclude>
    <ClInclude Include="src\Engine\DepthBuffer.h">
      <Filter>Engine</Filter>
    </ClInclude>
    <ClInclude Include="src\Engine\DescriptorHeap.h">
      <Filter>Engine</Filter>
    </ClInclude>
    <ClInclude Include="src\Engine\PipelineState.h">
      <Filter>Engine</Filter>
    </ClInclude>
    <ClInclude Include="src\Engine\Renderer.h">
      <Filter>Engine</Filter>
    </ClInclude>
    <ClInclude Include="src\Engine\RenderTarget.h">
      <Filter>Engine</Filter>
    </ClInclude>
    <ClInclude Include="src\Engine\Resource.h">
      <Filter>Engine</Filter>
    </ClInclude>
    <ClInclude Include="src\Engine\RootSignature.h">
      <Filter>Engine</Filter>
    </ClInclude>
    <ClInclude Include="src\Engine\Shader.h">
      <Filter>Engine</Filter>
    </ClInclude>
    <ClInclude Include="src\Engine\stdafx.h">
      <Filter>Engine</Filter>
    </ClInclude>
    <ClInclude Include="src\Engine\structs.h">
      <Filter>Engine</Filter>
    </ClInclude>
    <ClInclude Include="src\Engine\SwapChain.h">
      <Filter>Engine</Filter>
    </ClInclude>
    <ClInclude Include="src\Engine\Transform.h">
      <Filter>Engine</Filter>
    </ClInclude>
    <ClInclude Include="src\Engine\Camera.h">
      <Filter>Source Files</Filter>
    </ClInclude>
    <ClInclude Include="src\AssetLoader.h">
      <Filter>Engine</Filter>
    </ClInclude>
    <ClInclude Include="src\Engine\RenderTaskBlend.h">
      <Filter>Engine\RenderTasks</Filter>
    </ClInclude>
    <ClInclude Include="src\Engine\D3D12Timer.h">
      <Filter>Engine</Filter>
    </ClInclude>
    <ClInclude Include="src\Engine\Thread.h">
      <Filter>Engine\Threads</Filter>
    </ClInclude>
    <ClInclude Include="src\Engine\ThreadPool.h">
      <Filter>Engine\Threads</Filter>
    </ClInclude>
    <ClInclude Include="src\Engine\Task.h">
      <Filter>Engine\RenderTasks</Filter>
    </ClInclude>
  </ItemGroup>
  <ItemGroup>
    <FxCompile Include="src\Engine\HLSL\PixelShader.hlsl">
      <Filter>Engine\Shaders</Filter>
    </FxCompile>
    <FxCompile Include="src\Engine\HLSL\VertexShader.hlsl">
      <Filter>Engine\Shaders</Filter>
    </FxCompile>
    <FxCompile Include="src\Engine\HLSL\BlendPixel.hlsl">
      <Filter>Engine\Shaders</Filter>
    </FxCompile>
    <FxCompile Include="src\Engine\HLSL\BlendVertex.hlsl">
      <Filter>Engine\Shaders</Filter>
    </FxCompile>
  </ItemGroup>
</Project>